
Microsoft Visual Studio Solution File, Format Version 12.00
# Visual Studio Version 17
VisualStudioVersion = 17.7.34031.279
MinimumVisualStudioVersion = 10.0.40219.1
Project("{9A19103F-16F7-4668-BE54-9A1E7A4F7556}") = "RentABikeWTR_v1_7.API", "RentABikeWTR_v1_7.API\RentABikeWTR_v1_7.API.csproj", "{1132C53B-8EA2-454A-9EC9-72C90E423119}"
EndProject
Project("{9A19103F-16F7-4668-BE54-9A1E7A4F7556}") = "RentABikeWTR_v1_7.Model", "RentABikeWTR_v1_7.Model\RentABikeWTR_v1_7.Model.csproj", "{F29D0BEB-9C96-4795-85BD-A6418677E745}"
EndProject
Project("{9A19103F-16F7-4668-BE54-9A1E7A4F7556}") = "RentABikeWTR_v1_7.Services", "RentABikeWTR_v1_7.Services\RentABikeWTR_v1_7.Services.csproj", "{0AF79E1A-AF8A-4437-9823-FF9DF11C416C}"
EndProject
Project("{2150E333-8FDC-42A3-9474-1A3956D46DE8}") = "rentabikewtr_mobile", "rentabikewtr_mobile", "{699ECC7D-D9AE-4EC3-AC3C-9C268A93DF8F}"
EndProject
Project("{2150E333-8FDC-42A3-9474-1A3956D46DE8}") = "rentabikewtr_desktop", "rentabikewtr_desktop", "{AF9D2E24-D6B5-4297-B963-9833714874E8}"
EndProject
Global
	GlobalSection(SolutionConfigurationPlatforms) = preSolution
		Debug|Any CPU = Debug|Any CPU
		Release|Any CPU = Release|Any CPU
	EndGlobalSection
	GlobalSection(ProjectConfigurationPlatforms) = postSolution
		{1132C53B-8EA2-454A-9EC9-72C90E423119}.Debug|Any CPU.ActiveCfg = Release|Any CPU
		{1132C53B-8EA2-454A-9EC9-72C90E423119}.Debug|Any CPU.Build.0 = Release|Any CPU
		{1132C53B-8EA2-454A-9EC9-72C90E423119}.Release|Any CPU.ActiveCfg = Release|Any CPU
		{1132C53B-8EA2-454A-9EC9-72C90E423119}.Release|Any CPU.Build.0 = Release|Any CPU
		{F29D0BEB-9C96-4795-85BD-A6418677E745}.Debug|Any CPU.ActiveCfg = Debug|Any CPU
		{F29D0BEB-9C96-4795-85BD-A6418677E745}.Debug|Any CPU.Build.0 = Debug|Any CPU
		{F29D0BEB-9C96-4795-85BD-A6418677E745}.Release|Any CPU.ActiveCfg = Release|Any CPU
		{F29D0BEB-9C96-4795-85BD-A6418677E745}.Release|Any CPU.Build.0 = Release|Any CPU
		{0AF79E1A-AF8A-4437-9823-FF9DF11C416C}.Debug|Any CPU.ActiveCfg = Debug|Any CPU
		{0AF79E1A-AF8A-4437-9823-FF9DF11C416C}.Debug|Any CPU.Build.0 = Debug|Any CPU
		{0AF79E1A-AF8A-4437-9823-FF9DF11C416C}.Release|Any CPU.ActiveCfg = Release|Any CPU
		{0AF79E1A-AF8A-4437-9823-FF9DF11C416C}.Release|Any CPU.Build.0 = Release|Any CPU
	EndGlobalSection
	GlobalSection(SolutionProperties) = preSolution
		HideSolutionNode = FALSE
	EndGlobalSection
	GlobalSection(ExtensibilityGlobals) = postSolution
		SolutionGuid = {6852DF2F-6C2B-46E3-823F-2769CA7E6EE6}
	EndGlobalSection
EndGlobal
