
Microsoft Visual Studio Solution File, Format Version 12.00
# Visual Studio Version 17
VisualStudioVersion = 17.7.34031.279
MinimumVisualStudioVersion = 10.0.40219.1
Project("{FAE04EC0-301F-11D3-BF4B-00C04F79EFBC}") = "RentABikeWTR_v1_7.API", "RentABikeWTR_v1_7.API\RentABikeWTR_v1_7.API.csproj", "{1132C53B-8EA2-454A-9EC9-72C90E423119}"
EndProject
Project("{FAE04EC0-301F-11D3-BF4B-00C04F79EFBC}") = "RentABikeWTR_v1_7.Model", "RentABikeWTR_v1_7.Model\RentABikeWTR_v1_7.Model.csproj", "{65A5BAE2-7151-48A9-910D-87EAE80BD644}"
EndProject
Project("{FAE04EC0-301F-11D3-BF4B-00C04F79EFBC}") = "RentABikeWTR_v1_7.Services", "RentABikeWTR_v1_7.Services\RentABikeWTR_v1_7.Services.csproj", "{94719F10-7488-46EE-A005-D58D868EAAF6}"
EndProject
Global
	GlobalSection(SolutionConfigurationPlatforms) = preSolution
		Debug|Any CPU = Debug|Any CPU
		Release|Any CPU = Release|Any CPU
	EndGlobalSection
	GlobalSection(ProjectConfigurationPlatforms) = postSolution
		{1132C53B-8EA2-454A-9EC9-72C90E423119}.Debug|Any CPU.ActiveCfg = Debug|Any CPU
		{1132C53B-8EA2-454A-9EC9-72C90E423119}.Debug|Any CPU.Build.0 = Debug|Any CPU
		{1132C53B-8EA2-454A-9EC9-72C90E423119}.Release|Any CPU.ActiveCfg = Release|Any CPU
		{1132C53B-8EA2-454A-9EC9-72C90E423119}.Release|Any CPU.Build.0 = Release|Any CPU
		{65A5BAE2-7151-48A9-910D-87EAE80BD644}.Debug|Any CPU.ActiveCfg = Debug|Any CPU
		{65A5BAE2-7151-48A9-910D-87EAE80BD644}.Debug|Any CPU.Build.0 = Debug|Any CPU
		{65A5BAE2-7151-48A9-910D-87EAE80BD644}.Release|Any CPU.ActiveCfg = Release|Any CPU
		{65A5BAE2-7151-48A9-910D-87EAE80BD644}.Release|Any CPU.Build.0 = Release|Any CPU
		{94719F10-7488-46EE-A005-D58D868EAAF6}.Debug|Any CPU.ActiveCfg = Debug|Any CPU
		{94719F10-7488-46EE-A005-D58D868EAAF6}.Debug|Any CPU.Build.0 = Debug|Any CPU
		{94719F10-7488-46EE-A005-D58D868EAAF6}.Release|Any CPU.ActiveCfg = Release|Any CPU
		{94719F10-7488-46EE-A005-D58D868EAAF6}.Release|Any CPU.Build.0 = Release|Any CPU
	EndGlobalSection
	GlobalSection(SolutionProperties) = preSolution
		HideSolutionNode = FALSE
	EndGlobalSection
	GlobalSection(ExtensibilityGlobals) = postSolution
		SolutionGuid = {6852DF2F-6C2B-46E3-823F-2769CA7E6EE6}
	EndGlobalSection
EndGlobal
